
Microsoft Visual Studio Solution File, Format Version 12.00
# Visual Studio Version 17
VisualStudioVersion = 17.7.34024.191
MinimumVisualStudioVersion = 10.0.40219.1
Project("{FAE04EC0-301F-11D3-BF4B-00C04F79EFBC}") = "OZELLESTIRILMIS_ENTITY", "OZELLESTIRILMIS_ENTITY\OZELLESTIRILMIS_ENTITY.csproj", "{F3869A19-12B5-4DF7-B15A-2F90B496CF5B}"
EndProject
Global
	GlobalSection(SolutionConfigurationPlatforms) = preSolution
		Debug|Any CPU = Debug|Any CPU
		Release|Any CPU = Release|Any CPU
	EndGlobalSection
	GlobalSection(ProjectConfigurationPlatforms) = postSolution
		{F3869A19-12B5-4DF7-B15A-2F90B496CF5B}.Debug|Any CPU.ActiveCfg = Debug|Any CPU
		{F3869A19-12B5-4DF7-B15A-2F90B496CF5B}.Debug|Any CPU.Build.0 = Debug|Any CPU
		{F3869A19-12B5-4DF7-B15A-2F90B496CF5B}.Release|Any CPU.ActiveCfg = Release|Any CPU
		{F3869A19-12B5-4DF7-B15A-2F90B496CF5B}.Release|Any CPU.Build.0 = Release|Any CPU
	EndGlobalSection
	GlobalSection(SolutionProperties) = preSolution
		HideSolutionNode = FALSE
	EndGlobalSection
	GlobalSection(ExtensibilityGlobals) = postSolution
		SolutionGuid = {9A1A9122-C68F-4E75-B367-F23A051C1BFF}
	EndGlobalSection
EndGlobal
