
Microsoft Visual Studio Solution File, Format Version 12.00
# Visual Studio Version 17
VisualStudioVersion = 17.5.002.0
MinimumVisualStudioVersion = 10.0.40219.1
Project("{9A19103F-16F7-4668-BE54-9A1E7A4F7556}") = "COLLECTONS", "COLLECTONS\COLLECTONS.csproj", "{9E1D40D7-D4BD-4168-8DDD-84C0FF0DCE48}"
EndProject
Project("{9A19103F-16F7-4668-BE54-9A1E7A4F7556}") = "First", "DEGİSKENLER\First.csproj", "{F2716DD5-52BD-4428-A41C-B16F415D33FA}"
EndProject
Project("{9A19103F-16F7-4668-BE54-9A1E7A4F7556}") = "DIZI", "DIZI\DIZI.csproj", "{DB25AE05-3956-4768-8E3F-07B6F3C5A15F}"
EndProject
Project("{9A19103F-16F7-4668-BE54-9A1E7A4F7556}") = "FOREACH", "FOREACH\FOREACH.csproj", "{0AB5FA14-2205-4455-A053-607899A334C8}"
EndProject
Project("{9A19103F-16F7-4668-BE54-9A1E7A4F7556}") = "FUNCTONS", "FUNCTONS\FUNCTONS.csproj", "{CA13F803-9DA8-460C-B9D8-FC9A2CB102B1}"
EndProject
Project("{9A19103F-16F7-4668-BE54-9A1E7A4F7556}") = "KEYWORD", "KEYWORD\KEYWORD.csproj", "{A314E30D-DD4B-4985-B952-C2CA813B75D5}"
EndProject
Project("{9A19103F-16F7-4668-BE54-9A1E7A4F7556}") = "SEGMENT", "SEGMENT\SEGMENT.csproj", "{BA0AC0EA-399F-436C-8E5F-827D7605C31A}"
EndProject
Project("{9A19103F-16F7-4668-BE54-9A1E7A4F7556}") = "STRING", "STRING\STRING.csproj", "{14F26E0E-A340-4866-B079-48ABCA946E85}"
EndProject
Project("{9A19103F-16F7-4668-BE54-9A1E7A4F7556}") = "SWTCHCASE", "SWTCHCASE\SWTCHCASE.csproj", "{2854F802-8FFD-4FD7-9B64-3F2037653746}"
EndProject
Project("{9A19103F-16F7-4668-BE54-9A1E7A4F7556}") = "IF", "TRYCATCH\IF.csproj", "{B5FB710C-D80D-456B-9B8A-34AEDA6A716F}"
EndProject
Project("{2150E333-8FDC-42A3-9474-1A3956D46DE8}") = "ALGORITMACALISMASI2", "ALGORITMACALISMASI2", "{0AAE5040-43CC-463F-BA8E-8841CDF3D0BE}"
EndProject
Project("{9A19103F-16F7-4668-BE54-9A1E7A4F7556}") = "ALGORITMACALISMASI2", "ALGORITMACALISMASI2\ALGORITMACALISMASI2\ALGORITMACALISMASI2.csproj", "{7FBE1196-D01E-42D6-8D6F-B1712FB88C89}"
EndProject
Project("{2150E333-8FDC-42A3-9474-1A3956D46DE8}") = "ALGORİTMACALISMASI1", "ALGORİTMACALISMASI1", "{793DD482-847C-402C-A773-4113861B3587}"
EndProject
Project("{9A19103F-16F7-4668-BE54-9A1E7A4F7556}") = "ALGORİTMACALISMASI1", "ALGORİTMACALISMASI1\ALGORİTMACALISMASI1\ALGORİTMACALISMASI1.csproj", "{96A9C37A-D908-43F9-AFAC-1E441D83CE9D}"
EndProject
Global
	GlobalSection(SolutionConfigurationPlatforms) = preSolution
		Debug|Any CPU = Debug|Any CPU
		Release|Any CPU = Release|Any CPU
	EndGlobalSection
	GlobalSection(ProjectConfigurationPlatforms) = postSolution
		{9E1D40D7-D4BD-4168-8DDD-84C0FF0DCE48}.Debug|Any CPU.ActiveCfg = Debug|Any CPU
		{9E1D40D7-D4BD-4168-8DDD-84C0FF0DCE48}.Debug|Any CPU.Build.0 = Debug|Any CPU
		{9E1D40D7-D4BD-4168-8DDD-84C0FF0DCE48}.Release|Any CPU.ActiveCfg = Release|Any CPU
		{9E1D40D7-D4BD-4168-8DDD-84C0FF0DCE48}.Release|Any CPU.Build.0 = Release|Any CPU
		{F2716DD5-52BD-4428-A41C-B16F415D33FA}.Debug|Any CPU.ActiveCfg = Debug|Any CPU
		{F2716DD5-52BD-4428-A41C-B16F415D33FA}.Debug|Any CPU.Build.0 = Debug|Any CPU
		{F2716DD5-52BD-4428-A41C-B16F415D33FA}.Release|Any CPU.ActiveCfg = Release|Any CPU
		{F2716DD5-52BD-4428-A41C-B16F415D33FA}.Release|Any CPU.Build.0 = Release|Any CPU
		{DB25AE05-3956-4768-8E3F-07B6F3C5A15F}.Debug|Any CPU.ActiveCfg = Debug|Any CPU
		{DB25AE05-3956-4768-8E3F-07B6F3C5A15F}.Debug|Any CPU.Build.0 = Debug|Any CPU
		{DB25AE05-3956-4768-8E3F-07B6F3C5A15F}.Release|Any CPU.ActiveCfg = Release|Any CPU
		{DB25AE05-3956-4768-8E3F-07B6F3C5A15F}.Release|Any CPU.Build.0 = Release|Any CPU
		{0AB5FA14-2205-4455-A053-607899A334C8}.Debug|Any CPU.ActiveCfg = Debug|Any CPU
		{0AB5FA14-2205-4455-A053-607899A334C8}.Debug|Any CPU.Build.0 = Debug|Any CPU
		{0AB5FA14-2205-4455-A053-607899A334C8}.Release|Any CPU.ActiveCfg = Release|Any CPU
		{0AB5FA14-2205-4455-A053-607899A334C8}.Release|Any CPU.Build.0 = Release|Any CPU
		{CA13F803-9DA8-460C-B9D8-FC9A2CB102B1}.Debug|Any CPU.ActiveCfg = Debug|Any CPU
		{CA13F803-9DA8-460C-B9D8-FC9A2CB102B1}.Debug|Any CPU.Build.0 = Debug|Any CPU
		{CA13F803-9DA8-460C-B9D8-FC9A2CB102B1}.Release|Any CPU.ActiveCfg = Release|Any CPU
		{CA13F803-9DA8-460C-B9D8-FC9A2CB102B1}.Release|Any CPU.Build.0 = Release|Any CPU
		{A314E30D-DD4B-4985-B952-C2CA813B75D5}.Debug|Any CPU.ActiveCfg = Debug|Any CPU
		{A314E30D-DD4B-4985-B952-C2CA813B75D5}.Debug|Any CPU.Build.0 = Debug|Any CPU
		{A314E30D-DD4B-4985-B952-C2CA813B75D5}.Release|Any CPU.ActiveCfg = Release|Any CPU
		{A314E30D-DD4B-4985-B952-C2CA813B75D5}.Release|Any CPU.Build.0 = Release|Any CPU
		{BA0AC0EA-399F-436C-8E5F-827D7605C31A}.Debug|Any CPU.ActiveCfg = Debug|Any CPU
		{BA0AC0EA-399F-436C-8E5F-827D7605C31A}.Debug|Any CPU.Build.0 = Debug|Any CPU
		{BA0AC0EA-399F-436C-8E5F-827D7605C31A}.Release|Any CPU.ActiveCfg = Release|Any CPU
		{BA0AC0EA-399F-436C-8E5F-827D7605C31A}.Release|Any CPU.Build.0 = Release|Any CPU
		{14F26E0E-A340-4866-B079-48ABCA946E85}.Debug|Any CPU.ActiveCfg = Debug|Any CPU
		{14F26E0E-A340-4866-B079-48ABCA946E85}.Debug|Any CPU.Build.0 = Debug|Any CPU
		{14F26E0E-A340-4866-B079-48ABCA946E85}.Release|Any CPU.ActiveCfg = Release|Any CPU
		{14F26E0E-A340-4866-B079-48ABCA946E85}.Release|Any CPU.Build.0 = Release|Any CPU
		{2854F802-8FFD-4FD7-9B64-3F2037653746}.Debug|Any CPU.ActiveCfg = Debug|Any CPU
		{2854F802-8FFD-4FD7-9B64-3F2037653746}.Debug|Any CPU.Build.0 = Debug|Any CPU
		{2854F802-8FFD-4FD7-9B64-3F2037653746}.Release|Any CPU.ActiveCfg = Release|Any CPU
		{2854F802-8FFD-4FD7-9B64-3F2037653746}.Release|Any CPU.Build.0 = Release|Any CPU
		{B5FB710C-D80D-456B-9B8A-34AEDA6A716F}.Debug|Any CPU.ActiveCfg = Debug|Any CPU
		{B5FB710C-D80D-456B-9B8A-34AEDA6A716F}.Debug|Any CPU.Build.0 = Debug|Any CPU
		{B5FB710C-D80D-456B-9B8A-34AEDA6A716F}.Release|Any CPU.ActiveCfg = Release|Any CPU
		{B5FB710C-D80D-456B-9B8A-34AEDA6A716F}.Release|Any CPU.Build.0 = Release|Any CPU
		{7FBE1196-D01E-42D6-8D6F-B1712FB88C89}.Debug|Any CPU.ActiveCfg = Debug|Any CPU
		{7FBE1196-D01E-42D6-8D6F-B1712FB88C89}.Debug|Any CPU.Build.0 = Debug|Any CPU
		{7FBE1196-D01E-42D6-8D6F-B1712FB88C89}.Release|Any CPU.ActiveCfg = Release|Any CPU
		{7FBE1196-D01E-42D6-8D6F-B1712FB88C89}.Release|Any CPU.Build.0 = Release|Any CPU
		{96A9C37A-D908-43F9-AFAC-1E441D83CE9D}.Debug|Any CPU.ActiveCfg = Debug|Any CPU
		{96A9C37A-D908-43F9-AFAC-1E441D83CE9D}.Debug|Any CPU.Build.0 = Debug|Any CPU
		{96A9C37A-D908-43F9-AFAC-1E441D83CE9D}.Release|Any CPU.ActiveCfg = Release|Any CPU
		{96A9C37A-D908-43F9-AFAC-1E441D83CE9D}.Release|Any CPU.Build.0 = Release|Any CPU
	EndGlobalSection
	GlobalSection(SolutionProperties) = preSolution
		HideSolutionNode = FALSE
	EndGlobalSection
	GlobalSection(NestedProjects) = preSolution
		{7FBE1196-D01E-42D6-8D6F-B1712FB88C89} = {0AAE5040-43CC-463F-BA8E-8841CDF3D0BE}
		{96A9C37A-D908-43F9-AFAC-1E441D83CE9D} = {793DD482-847C-402C-A773-4113861B3587}
	EndGlobalSection
	GlobalSection(ExtensibilityGlobals) = postSolution
		SolutionGuid = {5D3A5524-0F07-496E-8157-E9EFEB5A9A94}
	EndGlobalSection
EndGlobal
