
Microsoft Visual Studio Solution File, Format Version 12.00
# Visual Studio Version 17
VisualStudioVersion = 17.7.34024.191
MinimumVisualStudioVersion = 10.0.40219.1
Project("{FAE04EC0-301F-11D3-BF4B-00C04F79EFBC}") = "INTERFACE", "INTERFACE\INTERFACE.csproj", "{0F4989C2-17A7-4611-A505-E99912D21F99}"
EndProject
Global
	GlobalSection(SolutionConfigurationPlatforms) = preSolution
		Debug|Any CPU = Debug|Any CPU
		Release|Any CPU = Release|Any CPU
	EndGlobalSection
	GlobalSection(ProjectConfigurationPlatforms) = postSolution
		{0F4989C2-17A7-4611-A505-E99912D21F99}.Debug|Any CPU.ActiveCfg = Debug|Any CPU
		{0F4989C2-17A7-4611-A505-E99912D21F99}.Debug|Any CPU.Build.0 = Debug|Any CPU
		{0F4989C2-17A7-4611-A505-E99912D21F99}.Release|Any CPU.ActiveCfg = Release|Any CPU
		{0F4989C2-17A7-4611-A505-E99912D21F99}.Release|Any CPU.Build.0 = Release|Any CPU
	EndGlobalSection
	GlobalSection(SolutionProperties) = preSolution
		HideSolutionNode = FALSE
	EndGlobalSection
	GlobalSection(ExtensibilityGlobals) = postSolution
		SolutionGuid = {740B55E6-DE51-4D96-8E2C-991C8BE822CD}
	EndGlobalSection
EndGlobal
