
Microsoft Visual Studio Solution File, Format Version 12.00
# Visual Studio Version 17
VisualStudioVersion = 17.7.34024.191
MinimumVisualStudioVersion = 10.0.40219.1
Project("{9A19103F-16F7-4668-BE54-9A1E7A4F7556}") = "EXTENSIONFUNCTION_LINQ", "EXPRESION_LINQ\EXTENSIONFUNCTION_LINQ.csproj", "{91FDAA88-9401-4F85-8C64-38962B2AA4F9}"
EndProject
Global
	GlobalSection(SolutionConfigurationPlatforms) = preSolution
		Debug|Any CPU = Debug|Any CPU
		Release|Any CPU = Release|Any CPU
	EndGlobalSection
	GlobalSection(ProjectConfigurationPlatforms) = postSolution
		{91FDAA88-9401-4F85-8C64-38962B2AA4F9}.Debug|Any CPU.ActiveCfg = Debug|Any CPU
		{91FDAA88-9401-4F85-8C64-38962B2AA4F9}.Debug|Any CPU.Build.0 = Debug|Any CPU
		{91FDAA88-9401-4F85-8C64-38962B2AA4F9}.Release|Any CPU.ActiveCfg = Release|Any CPU
		{91FDAA88-9401-4F85-8C64-38962B2AA4F9}.Release|Any CPU.Build.0 = Release|Any CPU
	EndGlobalSection
	GlobalSection(SolutionProperties) = preSolution
		HideSolutionNode = FALSE
	EndGlobalSection
	GlobalSection(ExtensibilityGlobals) = postSolution
		SolutionGuid = {67A4694E-592D-425C-9767-F6355B309578}
	EndGlobalSection
EndGlobal
